
Microsoft Visual Studio Solution File, Format Version 12.00
# Visual Studio Version 17
VisualStudioVersion = 17.0.32112.339
MinimumVisualStudioVersion = 10.0.40219.1
Project("{FAE04EC0-301F-11D3-BF4B-00C04F79EFBC}") = "Midterm_2131419", "Midterm_2131419.csproj", "{727218D7-741F-4852-8E4D-5CAB78B5CF36}"
EndProject
Global
	GlobalSection(SolutionConfigurationPlatforms) = preSolution
		Debug|Any CPU = Debug|Any CPU
		Release|Any CPU = Release|Any CPU
	EndGlobalSection
	GlobalSection(ProjectConfigurationPlatforms) = postSolution
		{727218D7-741F-4852-8E4D-5CAB78B5CF36}.Debug|Any CPU.ActiveCfg = Debug|Any CPU
		{727218D7-741F-4852-8E4D-5CAB78B5CF36}.Debug|Any CPU.Build.0 = Debug|Any CPU
		{727218D7-741F-4852-8E4D-5CAB78B5CF36}.Release|Any CPU.ActiveCfg = Release|Any CPU
		{727218D7-741F-4852-8E4D-5CAB78B5CF36}.Release|Any CPU.Build.0 = Release|Any CPU
	EndGlobalSection
	GlobalSection(SolutionProperties) = preSolution
		HideSolutionNode = FALSE
	EndGlobalSection
	GlobalSection(ExtensibilityGlobals) = postSolution
		SolutionGuid = {ADD1CD2E-EB61-4548-98D0-5272B87F6277}
	EndGlobalSection
EndGlobal
